
Microsoft Visual Studio Solution File, Format Version 12.00
# Visual Studio Version 17
VisualStudioVersion = 17.7.34009.444
MinimumVisualStudioVersion = 10.0.40219.1
Project("{8BC9CEB8-8B4A-11D0-8D11-00A0C91BC942}") = "sort", "sort.vcxproj", "{E2F98B0E-1D6A-4427-B811-24C3CD55E65C}"
EndProject
Global
	GlobalSection(SolutionConfigurationPlatforms) = preSolution
		Debug|x64 = Debug|x64
		Debug|x86 = Debug|x86
		Release|x64 = Release|x64
		Release|x86 = Release|x86
	EndGlobalSection
	GlobalSection(ProjectConfigurationPlatforms) = postSolution
		{E2F98B0E-1D6A-4427-B811-24C3CD55E65C}.Debug|x64.ActiveCfg = Debug|x64
		{E2F98B0E-1D6A-4427-B811-24C3CD55E65C}.Debug|x64.Build.0 = Debug|x64
		{E2F98B0E-1D6A-4427-B811-24C3CD55E65C}.Debug|x86.ActiveCfg = Debug|Win32
		{E2F98B0E-1D6A-4427-B811-24C3CD55E65C}.Debug|x86.Build.0 = Debug|Win32
		{E2F98B0E-1D6A-4427-B811-24C3CD55E65C}.Release|x64.ActiveCfg = Release|x64
		{E2F98B0E-1D6A-4427-B811-24C3CD55E65C}.Release|x64.Build.0 = Release|x64
		{E2F98B0E-1D6A-4427-B811-24C3CD55E65C}.Release|x86.ActiveCfg = Release|Win32
		{E2F98B0E-1D6A-4427-B811-24C3CD55E65C}.Release|x86.Build.0 = Release|Win32
	EndGlobalSection
	GlobalSection(SolutionProperties) = preSolution
		HideSolutionNode = FALSE
	EndGlobalSection
	GlobalSection(ExtensibilityGlobals) = postSolution
		SolutionGuid = {59EDB05D-D853-4FE5-81D5-568AA734D464}
	EndGlobalSection
EndGlobal
