
Microsoft Visual Studio Solution File, Format Version 12.00
# Visual Studio Version 17
VisualStudioVersion = 17.7.34009.444
MinimumVisualStudioVersion = 10.0.40219.1
Project("{8BC9CEB8-8B4A-11D0-8D11-00A0C91BC942}") = "LinkedList_VS", "LinkedList_VS.vcxproj", "{5F3D8F6C-B4A0-488F-8247-2D15C5115C1B}"
EndProject
Global
	GlobalSection(SolutionConfigurationPlatforms) = preSolution
		Debug|x64 = Debug|x64
		Debug|x86 = Debug|x86
		Release|x64 = Release|x64
		Release|x86 = Release|x86
	EndGlobalSection
	GlobalSection(ProjectConfigurationPlatforms) = postSolution
		{5F3D8F6C-B4A0-488F-8247-2D15C5115C1B}.Debug|x64.ActiveCfg = Debug|x64
		{5F3D8F6C-B4A0-488F-8247-2D15C5115C1B}.Debug|x64.Build.0 = Debug|x64
		{5F3D8F6C-B4A0-488F-8247-2D15C5115C1B}.Debug|x86.ActiveCfg = Debug|Win32
		{5F3D8F6C-B4A0-488F-8247-2D15C5115C1B}.Debug|x86.Build.0 = Debug|Win32
		{5F3D8F6C-B4A0-488F-8247-2D15C5115C1B}.Release|x64.ActiveCfg = Release|x64
		{5F3D8F6C-B4A0-488F-8247-2D15C5115C1B}.Release|x64.Build.0 = Release|x64
		{5F3D8F6C-B4A0-488F-8247-2D15C5115C1B}.Release|x86.ActiveCfg = Release|Win32
		{5F3D8F6C-B4A0-488F-8247-2D15C5115C1B}.Release|x86.Build.0 = Release|Win32
	EndGlobalSection
	GlobalSection(SolutionProperties) = preSolution
		HideSolutionNode = FALSE
	EndGlobalSection
	GlobalSection(ExtensibilityGlobals) = postSolution
		SolutionGuid = {FB85EDA8-B1E3-4254-A815-3BF11500D93E}
	EndGlobalSection
EndGlobal
